// !$*UTF8*$!
{
	archiveVersion = 1;
	classes = {
	};
	objectVersion = 46;
	objects = {

/* Begin PBXBuildFile section */
		FA09D7DA1CAF698C00F798B0 /* PaintCan.m in Sources */ = {isa = PBXBuildFile; fileRef = FA09D7D91CAF698C00F798B0 /* PaintCan.m */; };
		FB13A8CB25C9DF35004790BE /* placeholder in Resources */ = {isa = PBXBuildFile; fileRef = FB13A8CA25C9DF35004790BE /* placeholder */; };
		FB5960CF25C8E15E001DDADB /* ZKSwizzle.m in Sources */ = {isa = PBXBuildFile; fileRef = FB5960CE25C8E15E001DDADB /* ZKSwizzle.m */; };
/* End PBXBuildFile section */

/* Begin PBXFileReference section */
		FA09D7D31CAF698C00F798B0 /* PaintCan.bundle */ = {isa = PBXFileReference; explicitFileType = wrapper.cfbundle; includeInIndex = 0; path = PaintCan.bundle; sourceTree = BUILT_PRODUCTS_DIR; };
		FA09D7D91CAF698C00F798B0 /* PaintCan.m */ = {isa = PBXFileReference; lastKnownFileType = sourcecode.c.objc; path = PaintCan.m; sourceTree = "<group>"; };
		FA09D7DB1CAF698C00F798B0 /* Info.plist */ = {isa = PBXFileReference; lastKnownFileType = text.plist.xml; path = Info.plist; sourceTree = "<group>"; };
		FB13A8CA25C9DF35004790BE /* placeholder */ = {isa = PBXFileReference; fileEncoding = 4; lastKnownFileType = text; path = placeholder; sourceTree = "<group>"; };
		FB5960CD25C8E15E001DDADB /* ZKSwizzle.h */ = {isa = PBXFileReference; fileEncoding = 4; lastKnownFileType = sourcecode.c.h; path = ZKSwizzle.h; sourceTree = "<group>"; };
		FB5960CE25C8E15E001DDADB /* ZKSwizzle.m */ = {isa = PBXFileReference; fileEncoding = 4; lastKnownFileType = sourcecode.c.objc; path = ZKSwizzle.m; sourceTree = "<group>"; };
		FB5960F125C924A1001DDADB /* NSAppearanceNameAqua.paintcan.car */ = {isa = PBXFileReference; lastKnownFileType = file; path = NSAppearanceNameAqua.paintcan.car; sourceTree = "<group>"; };
/* End PBXFileReference section */

/* Begin PBXFrameworksBuildPhase section */
		FA09D7D01CAF698C00F798B0 /* Frameworks */ = {
			isa = PBXFrameworksBuildPhase;
			buildActionMask = 2147483647;
			files = (
			);
			runOnlyForDeploymentPostprocessing = 0;
		};
/* End PBXFrameworksBuildPhase section */

/* Begin PBXGroup section */
		FA09D7CA1CAF698C00F798B0 = {
			isa = PBXGroup;
			children = (
				FA09D7D81CAF698C00F798B0 /* PaintCan */,
				FA09D7D41CAF698C00F798B0 /* Products */,
			);
			sourceTree = "<group>";
		};
		FA09D7D41CAF698C00F798B0 /* Products */ = {
			isa = PBXGroup;
			children = (
				FA09D7D31CAF698C00F798B0 /* PaintCan.bundle */,
			);
			name = Products;
			sourceTree = "<group>";
		};
		FA09D7D81CAF698C00F798B0 /* PaintCan */ = {
			isa = PBXGroup;
			children = (
				FB13A8CA25C9DF35004790BE /* placeholder */,
				FB5960F125C924A1001DDADB /* NSAppearanceNameAqua.paintcan.car */,
				FB5960CD25C8E15E001DDADB /* ZKSwizzle.h */,
				FB5960CE25C8E15E001DDADB /* ZKSwizzle.m */,
				FA09D7D91CAF698C00F798B0 /* PaintCan.m */,
				FA09D7DB1CAF698C00F798B0 /* Info.plist */,
			);
			path = PaintCan;
			sourceTree = "<group>";
		};
/* End PBXGroup section */

/* Begin PBXNativeTarget section */
		FA09D7D21CAF698C00F798B0 /* PaintCan */ = {
			isa = PBXNativeTarget;
			buildConfigurationList = FA09D7DE1CAF698C00F798B0 /* Build configuration list for PBXNativeTarget "PaintCan" */;
			buildPhases = (
				FA09D7CF1CAF698C00F798B0 /* Sources */,
				FA09D7D01CAF698C00F798B0 /* Frameworks */,
				FA09D7D11CAF698C00F798B0 /* Resources */,
			);
			buildRules = (
			);
			dependencies = (
			);
			name = PaintCan;
			productName = FreshPaint;
			productReference = FA09D7D31CAF698C00F798B0 /* PaintCan.bundle */;
			productType = "com.apple.product-type.bundle";
		};
/* End PBXNativeTarget section */

/* Begin PBXProject section */
		FA09D7CB1CAF698C00F798B0 /* Project object */ = {
			isa = PBXProject;
			attributes = {
				LastUpgradeCheck = 0730;
				ORGANIZATIONNAME = ParasiteTeam;
				TargetAttributes = {
					FA09D7D21CAF698C00F798B0 = {
						CreatedOnToolsVersion = 7.3;
						DevelopmentTeam = EX596BNL45;
						ProvisioningStyle = Automatic;
					};
				};
			};
			buildConfigurationList = FA09D7CE1CAF698C00F798B0 /* Build configuration list for PBXProject "PaintCan" */;
			compatibilityVersion = "Xcode 3.2";
			developmentRegion = English;
			hasScannedForEncodings = 0;
			knownRegions = (
				English,
				en,
			);
			mainGroup = FA09D7CA1CAF698C00F798B0;
			productRefGroup = FA09D7D41CAF698C00F798B0 /* Products */;
			projectDirPath = "";
			projectRoot = "";
			targets = (
				FA09D7D21CAF698C00F798B0 /* PaintCan */,
			);
		};
/* End PBXProject section */

/* Begin PBXResourcesBuildPhase section */
		FA09D7D11CAF698C00F798B0 /* Resources */ = {
			isa = PBXResourcesBuildPhase;
			buildActionMask = 2147483647;
			files = (
				FB13A8CB25C9DF35004790BE /* placeholder in Resources */,
			);
			runOnlyForDeploymentPostprocessing = 0;
		};
/* End PBXResourcesBuildPhase section */

/* Begin PBXSourcesBuildPhase section */
		FA09D7CF1CAF698C00F798B0 /* Sources */ = {
			isa = PBXSourcesBuildPhase;
			buildActionMask = 2147483647;
			files = (
				FA09D7DA1CAF698C00F798B0 /* PaintCan.m in Sources */,
				FB5960CF25C8E15E001DDADB /* ZKSwizzle.m in Sources */,
			);
			runOnlyForDeploymentPostprocessing = 0;
		};
/* End PBXSourcesBuildPhase section */

/* Begin XCBuildConfiguration section */
		FA09D7DC1CAF698C00F798B0 /* Debug */ = {
			isa = XCBuildConfiguration;
			buildSettings = {
				ALWAYS_SEARCH_USER_PATHS = NO;
				CLANG_CXX_LANGUAGE_STANDARD = "gnu++0x";
				CLANG_CXX_LIBRARY = "libc++";
				CLANG_ENABLE_MODULES = YES;
				CLANG_ENABLE_OBJC_ARC = YES;
				CLANG_WARN_BOOL_CONVERSION = YES;
				CLANG_WARN_CONSTANT_CONVERSION = YES;
				CLANG_WARN_DIRECT_OBJC_ISA_USAGE = YES_ERROR;
				CLANG_WARN_EMPTY_BODY = YES;
				CLANG_WARN_ENUM_CONVERSION = YES;
				CLANG_WARN_INT_CONVERSION = YES;
				CLANG_WARN_OBJC_ROOT_CLASS = YES_ERROR;
				CLANG_WARN_UNREACHABLE_CODE = YES;
				CLANG_WARN__DUPLICATE_METHOD_MATCH = YES;
				CODE_SIGN_IDENTITY = "-";
				COPY_PHASE_STRIP = NO;
				DEBUG_INFORMATION_FORMAT = dwarf;
				ENABLE_STRICT_OBJC_MSGSEND = YES;
				ENABLE_TESTABILITY = YES;
				GCC_C_LANGUAGE_STANDARD = gnu99;
				GCC_DYNAMIC_NO_PIC = NO;
				GCC_NO_COMMON_BLOCKS = YES;
				GCC_OPTIMIZATION_LEVEL = 0;
				GCC_PREPROCESSOR_DEFINITIONS = (
					"DEBUG=1",
					"$(inherited)",
				);
				GCC_WARN_64_TO_32_BIT_CONVERSION = YES;
				GCC_WARN_ABOUT_RETURN_TYPE = YES_ERROR;
				GCC_WARN_UNDECLARED_SELECTOR = YES;
				GCC_WARN_UNINITIALIZED_AUTOS = YES_AGGRESSIVE;
				GCC_WARN_UNUSED_FUNCTION = YES;
				GCC_WARN_UNUSED_VARIABLE = YES;
				MACOSX_DEPLOYMENT_TARGET = 10.14;
				MTL_ENABLE_DEBUG_INFO = YES;
				ONLY_ACTIVE_ARCH = YES;
				SDKROOT = macosx;
			};
			name = Debug;
		};
		FA09D7DD1CAF698C00F798B0 /* Release */ = {
			isa = XCBuildConfiguration;
			buildSettings = {
				ALWAYS_SEARCH_USER_PATHS = NO;
				CLANG_CXX_LANGUAGE_STANDARD = "gnu++0x";
				CLANG_CXX_LIBRARY = "libc++";
				CLANG_ENABLE_MODULES = YES;
				CLANG_ENABLE_OBJC_ARC = YES;
				CLANG_WARN_BOOL_CONVERSION = YES;
				CLANG_WARN_CONSTANT_CONVERSION = YES;
				CLANG_WARN_DIRECT_OBJC_ISA_USAGE = YES_ERROR;
				CLANG_WARN_EMPTY_BODY = YES;
				CLANG_WARN_ENUM_CONVERSION = YES;
				CLANG_WARN_INT_CONVERSION = YES;
				CLANG_WARN_OBJC_ROOT_CLASS = YES_ERROR;
				CLANG_WARN_UNREACHABLE_CODE = YES;
				CLANG_WARN__DUPLICATE_METHOD_MATCH = YES;
				CODE_SIGN_IDENTITY = "-";
				COPY_PHASE_STRIP = NO;
				DEBUG_INFORMATION_FORMAT = "dwarf-with-dsym";
				ENABLE_NS_ASSERTIONS = NO;
				ENABLE_STRICT_OBJC_MSGSEND = YES;
				GCC_C_LANGUAGE_STANDARD = gnu99;
				GCC_NO_COMMON_BLOCKS = YES;
				GCC_WARN_64_TO_32_BIT_CONVERSION = YES;
				GCC_WARN_ABOUT_RETURN_TYPE = YES_ERROR;
				GCC_WARN_UNDECLARED_SELECTOR = YES;
				GCC_WARN_UNINITIALIZED_AUTOS = YES_AGGRESSIVE;
				GCC_WARN_UNUSED_FUNCTION = YES;
				GCC_WARN_UNUSED_VARIABLE = YES;
				MACOSX_DEPLOYMENT_TARGET = 10.14;
				MTL_ENABLE_DEBUG_INFO = NO;
				SDKROOT = macosx;
			};
			name = Release;
		};
		FA09D7DF1CAF698C00F798B0 /* Debug */ = {
			isa = XCBuildConfiguration;
			buildSettings = {
				ALWAYS_SEARCH_USER_PATHS = YES;
				ARCHS = (
					"$(ARCHS_STANDARD)",
					arm64e,
				);
				CODE_SIGN_IDENTITY = "Apple Development";
				CODE_SIGN_STYLE = Automatic;
				COMBINE_HIDPI_IMAGES = YES;
				CURRENT_PROJECT_VERSION = 2;
				DEVELOPMENT_TEAM = EX596BNL45;
				FRAMEWORK_SEARCH_PATHS = /Library/Frameworks/;
				INFOPLIST_FILE = PaintCan/Info.plist;
				INSTALL_PATH = "$(LOCAL_LIBRARY_DIR)/Bundles";
				MARKETING_VERSION = 1.0.0;
				ONLY_ACTIVE_ARCH = NO;
				PRODUCT_BUNDLE_IDENTIFIER = com.macenhance.paintcan;
				PRODUCT_NAME = "$(TARGET_NAME)";
				PROVISIONING_PROFILE_SPECIFIER = "";
				SKIP_INSTALL = YES;
				WRAPPER_EXTENSION = bundle;
			};
			name = Debug;
		};
		FA09D7E01CAF698C00F798B0 /* Release */ = {
			isa = XCBuildConfiguration;
			buildSettings = {
				ALWAYS_SEARCH_USER_PATHS = YES;
				ARCHS = (
					"$(ARCHS_STANDARD)",
					arm64e,
				);
				CODE_SIGN_IDENTITY = "Apple Development";
				CODE_SIGN_STYLE = Automatic;
				COMBINE_HIDPI_IMAGES = YES;
				CURRENT_PROJECT_VERSION = 2;
				DEVELOPMENT_TEAM = EX596BNL45;
				FRAMEWORK_SEARCH_PATHS = /Library/Frameworks/;
				INFOPLIST_FILE = PaintCan/Info.plist;
				INSTALL_PATH = "$(LOCAL_LIBRARY_DIR)/Bundles";
				MARKETING_VERSION = 1.0.0;
				ONLY_ACTIVE_ARCH = NO;
				PRODUCT_BUNDLE_IDENTIFIER = com.macenhance.paintcan;
				PRODUCT_NAME = "$(TARGET_NAME)";
				PROVISIONING_PROFILE_SPECIFIER = "";
				SKIP_INSTALL = YES;
				WRAPPER_EXTENSION = bundle;
			};
			name = Release;
		};
/* End XCBuildConfiguration section */

/* Begin XCConfigurationList section */
		FA09D7CE1CAF698C00F798B0 /* Build configuration list for PBXProject "PaintCan" */ = {
			isa = XCConfigurationList;
			buildConfigurations = (
				FA09D7DC1CAF698C00F798B0 /* Debug */,
				FA09D7DD1CAF698C00F798B0 /* Release */,
			);
			defaultConfigurationIsVisible = 0;
			defaultConfigurationName = Release;
		};
		FA09D7DE1CAF698C00F798B0 /* Build configuration list for PBXNativeTarget "PaintCan" */ = {
			isa = XCConfigurationList;
			buildConfigurations = (
				FA09D7DF1CAF698C00F798B0 /* Debug */,
				FA09D7E01CAF698C00F798B0 /* Release */,
			);
			defaultConfigurationIsVisible = 0;
			defaultConfigurationName = Release;
		};
/* End XCConfigurationList section */
	};
	rootObject = FA09D7CB1CAF698C00F798B0 /* Project object */;
}
